[{<<"jiffy">>,
  {git,"git://github.com/davisp/jiffy.git",
       {ref,"37039ba32e950480715be74751a53339420a6fe1"}},
  0},
 {<<"jsone">>,
  {git,"git://github.com/sile/jsone.git",
       {ref,"3578a78f7f92fa15e1f942233f27a80131c07622"}},
  0},
 {<<"jsx">>,
  {git,"git://github.com/talentdeficit/jsx.git",
       {ref,"7c7a69c167aecd241a6676ab7e5a7665c782b976"}},
  0},
 {<<"mochijson2">>,
  {git,"git://github.com/bjnortier/mochijson2.git",
       {ref,"e162b7f5be57b8a1fcf5cc99aa4948864af42bba"}},
  0},
 {<<"yawsjson2">>,
  {git,"git://github.com/spawnproc/yawsjson2",
       {ref,"863b7476b4bf7615b578316670c3bd7f04e0048f"}},
  0}].
